
Microsoft Visual Studio Solution File, Format Version 12.00
# Visual Studio Version 17
VisualStudioVersion = 17.2.32519.379
MinimumVisualStudioVersion = 10.0.40219.1
Project("{FAE04EC0-301F-11D3-BF4B-00C04F79EFBC}") = "Lab-1(CV-Assignment)", "Lab-1(CV-Assignment)\Lab-1(CV-Assignment).csproj", "{A0F36B36-F93E-40AB-B120-C1190F91CB83}"
EndProject
Global
	GlobalSection(SolutionConfigurationPlatforms) = preSolution
		Debug|Any CPU = Debug|Any CPU
		Release|Any CPU = Release|Any CPU
	EndGlobalSection
	GlobalSection(ProjectConfigurationPlatforms) = postSolution
		{A0F36B36-F93E-40AB-B120-C1190F91CB83}.Debug|Any CPU.ActiveCfg = Debug|Any CPU
		{A0F36B36-F93E-40AB-B120-C1190F91CB83}.Debug|Any CPU.Build.0 = Debug|Any CPU
		{A0F36B36-F93E-40AB-B120-C1190F91CB83}.Release|Any CPU.ActiveCfg = Release|Any CPU
		{A0F36B36-F93E-40AB-B120-C1190F91CB83}.Release|Any CPU.Build.0 = Release|Any CPU
	EndGlobalSection
	GlobalSection(SolutionProperties) = preSolution
		HideSolutionNode = FALSE
	EndGlobalSection
	GlobalSection(ExtensibilityGlobals) = postSolution
		SolutionGuid = {D61B5FD4-A90E-4D85-9BD3-B679F328CD30}
	EndGlobalSection
EndGlobal
